
Microsoft Visual Studio Solution File, Format Version 12.00
# Visual Studio Version 17
VisualStudioVersion = 17.5.33516.290
MinimumVisualStudioVersion = 10.0.40219.1
Project("{FAE04EC0-301F-11D3-BF4B-00C04F79EFBC}") = "WebApi", "WebApi\WebApi.csproj", "{67F34438-0BAB-4A72-94D8-5BF1F020BA89}"
EndProject
Global
	GlobalSection(SolutionConfigurationPlatforms) = preSolution
		Debug|Any CPU = Debug|Any CPU
		Release|Any CPU = Release|Any CPU
	EndGlobalSection
	GlobalSection(ProjectConfigurationPlatforms) = postSolution
		{67F34438-0BAB-4A72-94D8-5BF1F020BA89}.Debug|Any CPU.ActiveCfg = Debug|Any CPU
		{67F34438-0BAB-4A72-94D8-5BF1F020BA89}.Debug|Any CPU.Build.0 = Debug|Any CPU
		{67F34438-0BAB-4A72-94D8-5BF1F020BA89}.Release|Any CPU.ActiveCfg = Release|Any CPU
		{67F34438-0BAB-4A72-94D8-5BF1F020BA89}.Release|Any CPU.Build.0 = Release|Any CPU
	EndGlobalSection
	GlobalSection(SolutionProperties) = preSolution
		HideSolutionNode = FALSE
	EndGlobalSection
	GlobalSection(ExtensibilityGlobals) = postSolution
		SolutionGuid = {7C3CBC48-9160-4E2C-9616-62723B8164CB}
	EndGlobalSection
EndGlobal
